# GENERATED by tooling/lockbuild — never hand-edited.
# Router input. Rebuild: `lockbuild build`. Verify: `lockbuild verify`.
built_at: '2026-07-15T06:10:01+01:00'
built_from: 3380709fc5d62b82629c822a1cb58905c8bc2b6b
entries:
- capability_tags:
  - log-analysis
  - read-only
  detail: 'Groups the mock log corpus by group_by and counts records per bucket. Returns {"group_by":
    ..., "metric": "count", "buckets": [{"key": ..., "count": N}, ...]} sorted by descending count. group_by
    must be one of level, service or status_code; metric only supports count.'
  hash: 8be15fc8ff89ffadeb4d3025fad1aa85220e565796c0fe31c0b67d96f3d33f7e
  id: es_aggregate
  kind: skill
  routing_summary: Group mock log records by a categorical field (level, service or status_code) and count
    records per bucket.
  trust_tier: untrusted
  version: 1.0.0
- capability_tags:
  - log-source
  - log-analysis
  - read-only
  detail: 'Searches the mock log corpus served by mcp_server. Returns {"hits": [...], "total": N} where
    each hit carries level, service, message, timestamp, duration_ms and status_code. query_level restricts
    to one level; size caps the number of hits.'
  hash: 67e51e18c7dae3d1a3a5b9aabdd163cfa2ecf5fa9acf8f43caf2d7507a7271be
  id: es_search
  kind: skill
  routing_summary: Search mock log records, optionally filtered to a single log level; returns matching
    hits and a total count.
  trust_tier: untrusted
  version: 1.0.0
- capability_tags:
  - log-analysis
  - read-only
  detail: Numeric fields (duration_ms, status_code) return {"field", "min", "max", "avg", "count"}. Categorical
    fields (level, service, message) return {"field", "cardinality", "top_values"} where top_values is
    the ten most common values with their counts.
  hash: d219e45ec43dee7e0b48353c663e346ce74bf52d206c132a50c9f40b0a0740ec
  id: field_stats
  kind: mcp-tool
  routing_summary: 'Mirrored MCP tool field_stats. Parameters: field. Summary regenerated from schema
    snapshot.'
  trust_tier: untrusted
  version: 1.0.0
lock_version: 3
