# GENERATED by tooling/lockbuild — never hand-edited.
# Router input. Rebuild: `lockbuild build`. Verify: `lockbuild verify`.
built_at: '2026-08-12T19:53:13+01:00'
built_from: 82aef2b4cded9cb3798bcf8b0b6117dc7ac3f904
entries:
- assembly: b1
  bindings:
  - id: es_search
    version: 1.0.0
  capability_tags:
  - log-analysis
  - log-source
  - read-only
  detail: 'Config-only B1 assembly (config sha256 8ef03559ba22beeff67880187cf724765343f6a2347e573e7b32a52d0480e653).
    Prompt: prompts/default.md. Tools: es_search'
  hash: 014e3a2209ff17fafabdc3e188534eaa471d61c096509e06821ee29eb2edf663
  id: b1-8ef03559ba22
  kind: agent
  model_requirements:
    tool_use: true
  routing_summary: 'B1 assembly over [es_search] handling tasks of class: capability needed: batch, before,
    card, emails, identifiable, information, ips, leave.'
  trust_tier: validated
  version: 1.0.0
- capability_tags:
  - cron-scheduling
  - read-only
  - time-computation
  detail: 'B2b full-agent candidate. Pure deterministic computation over the two request parameters; no
    tool bindings, no network, no persistence. Parses standard cron (lists, ranges, steps, named months/weekdays,
    @macros; day-of-month OR day-of-week when both are restricted) and enumerates matching minutes in
    UTC over a bounded 40-year horizon. Prompt assets: prompts/default.md, prompts/stub-class-ref.md.'
  hash: a741f19551ed8970ce550bdf77e6bda4140c25ab074d681b5183ac60485e6313
  id: cron-next-fire-times
  kind: agent
  model_requirements:
    deterministic_stub_compatible: true
    profile: stub-class-ref
    structured_output: true
    tool_use: false
  routing_summary: Given a cron expression and a start timestamp, the agent returns the next five fire
    times of that schedule, expressed in UTC. The start timestamp is normalised to UTC (a naive timestamp
    is read as UTC, an offset-bearing one is converted); fire times are strictly after it, ascending,
    at minute granularity.
  trust_tier: quarantined
  version: 0.1.0
- capability_tags:
  - log-analysis
  - read-only
  detail: 'Groups the mock log corpus by group_by and counts records per bucket. Returns {"group_by":
    ..., "metric": "count", "buckets": [{"key": ..., "count": N}, ...]} sorted by descending count. group_by
    must be one of level, service or status_code; metric only supports count.'
  hash: 53bfd091668607c744139660c594969d3fe61e219955ae84f2e4fb504076e984
  id: es_aggregate
  kind: skill
  routing_summary: Group mock log records by a categorical field (level, service or status_code) and count
    records per bucket.
  trust_tier: validated
  version: 1.0.0
- capability_tags:
  - log-source
  - log-analysis
  - read-only
  detail: 'Searches the mock log corpus served by mcp_server. Returns {"hits": [...], "total": N} where
    each hit carries level, service, message, timestamp, duration_ms and status_code. query_level restricts
    to one level; size caps the number of hits.'
  hash: 2898c376ea11eb2a1f8eb4120b4b4ff1e78f8d6e32723952af05af9380cd4ae3
  id: es_search
  kind: skill
  routing_summary: Search mock log records, optionally filtered to a single log level; returns matching
    hits and a total count.
  trust_tier: validated
  version: 1.0.0
- capability_tags:
  - log-analysis
  - read-only
  detail: Numeric fields (duration_ms, status_code) return {"field", "min", "max", "avg", "count"}. Categorical
    fields (level, service, message) return {"field", "cardinality", "top_values"} where top_values is
    the ten most common values with their counts.
  hash: d60151048e2640090eed59883132bda8135ff411d33a1c4137c8dddc895617eb
  id: field_stats
  kind: mcp-tool
  routing_summary: 'Mirrored MCP tool field_stats. Parameters: field. Summary regenerated from schema
    snapshot.'
  trust_tier: validated
  version: 1.0.0
- capability_tags: []
  detail: ''
  hash: 3de4f2b2fc5675484fff9631f50bcb442cbcdfa399b2c8832ae55f66550b9fc0
  id: stub-class-ref
  kind: model
  routing_summary: Deterministic stub profile — reference profile for the stub class; used for dev and
    harness tests, no external provider.
  trust_tier: untrusted
  version: 1.0.0
lock_version: 3
